
Microsoft Visual Studio Solution File, Format Version 12.00
# Visual Studio Version 17
VisualStudioVersion = 17.6.33829.357
MinimumVisualStudioVersion = 10.0.40219.1
Project("{8BC9CEB8-8B4A-11D0-8D11-00A0C91BC942}") = "Ch8_Example_FA23", "Ch8_Example_FA23\Ch8_Example_FA23.vcxproj", "{5A5AAA0B-7620-4644-A05D-CDDD6941AAFE}"
EndProject
Global
	GlobalSection(SolutionConfigurationPlatforms) = preSolution
		Debug|x64 = Debug|x64
		Debug|x86 = Debug|x86
		Release|x64 = Release|x64
		Release|x86 = Release|x86
	EndGlobalSection
	GlobalSection(ProjectConfigurationPlatforms) = postSolution
		{5A5AAA0B-7620-4644-A05D-CDDD6941AAFE}.Debug|x64.ActiveCfg = Debug|x64
		{5A5AAA0B-7620-4644-A05D-CDDD6941AAFE}.Debug|x64.Build.0 = Debug|x64
		{5A5AAA0B-7620-4644-A05D-CDDD6941AAFE}.Debug|x86.ActiveCfg = Debug|Win32
		{5A5AAA0B-7620-4644-A05D-CDDD6941AAFE}.Debug|x86.Build.0 = Debug|Win32
		{5A5AAA0B-7620-4644-A05D-CDDD6941AAFE}.Release|x64.ActiveCfg = Release|x64
		{5A5AAA0B-7620-4644-A05D-CDDD6941AAFE}.Release|x64.Build.0 = Release|x64
		{5A5AAA0B-7620-4644-A05D-CDDD6941AAFE}.Release|x86.ActiveCfg = Release|Win32
		{5A5AAA0B-7620-4644-A05D-CDDD6941AAFE}.Release|x86.Build.0 = Release|Win32
	EndGlobalSection
	GlobalSection(SolutionProperties) = preSolution
		HideSolutionNode = FALSE
	EndGlobalSection
	GlobalSection(ExtensibilityGlobals) = postSolution
		SolutionGuid = {228CEAF6-563C-4611-8903-15C97704FB0E}
	EndGlobalSection
EndGlobal
